{
  "name": "portfolio",
  "version": "1.0.0",
  "lockfileVersion": 3,
  "requires": true,
  "packages": {
    "": {
      "name": "portfolio",
      "version": "1.0.0",
      "license": "ISC",
      "dependencies": {
        "pspdfkit": "^2024.1.2"
      }
    },
    "node_modules/pspdfkit": {
      "version": "2024.1.2",
      "resolved": "https://registry.npmjs.org/pspdfkit/-/pspdfkit-2024.1.2.tgz",
      "integrity": "sha512-bVQQCgh45e1+R+I2fUKs//XW/HfgMXE2YAcfpo5Z/571MDPnR3Vq3fkrbxn7q7T3d0AYzdeWavWVo+xmDhcwPg=="
    }
  }
}
